
Microsoft Visual Studio Solution File, Format Version 12.00
# Visual Studio Version 17
VisualStudioVersion = 17.14.36121.58
MinimumVisualStudioVersion = 10.0.40219.1
Project("{8BC9CEB8-8B4A-11D0-8D11-00A0C91BC942}") = "Ch1_Game_Algorithm", "Ch1_Game_Algorithm.vcxproj", "{09F65533-B954-44E5-B3B8-78AFFD39A2F9}"
EndProject
Project("{8BC9CEB8-8B4A-11D0-8D11-00A0C91BC942}") = "Ch3_Insert_Quick_Sort", "..\Sh3_Insert_Quick_Sort\Sh3_Insert_Quick_Sort.vcxproj", "{D2F21FE6-9A98-4841-8E78-E770621F2455}"
EndProject
Global
	GlobalSection(SolutionConfigurationPlatforms) = preSolution
		Debug|x64 = Debug|x64
		Debug|x86 = Debug|x86
		Release|x64 = Release|x64
		Release|x86 = Release|x86
	EndGlobalSection
	GlobalSection(ProjectConfigurationPlatforms) = postSolution
		{09F65533-B954-44E5-B3B8-78AFFD39A2F9}.Debug|x64.ActiveCfg = Debug|x64
		{09F65533-B954-44E5-B3B8-78AFFD39A2F9}.Debug|x64.Build.0 = Debug|x64
		{09F65533-B954-44E5-B3B8-78AFFD39A2F9}.Debug|x86.ActiveCfg = Debug|Win32
		{09F65533-B954-44E5-B3B8-78AFFD39A2F9}.Debug|x86.Build.0 = Debug|Win32
		{09F65533-B954-44E5-B3B8-78AFFD39A2F9}.Release|x64.ActiveCfg = Release|x64
		{09F65533-B954-44E5-B3B8-78AFFD39A2F9}.Release|x64.Build.0 = Release|x64
		{09F65533-B954-44E5-B3B8-78AFFD39A2F9}.Release|x86.ActiveCfg = Release|Win32
		{09F65533-B954-44E5-B3B8-78AFFD39A2F9}.Release|x86.Build.0 = Release|Win32
		{D2F21FE6-9A98-4841-8E78-E770621F2455}.Debug|x64.ActiveCfg = Debug|x64
		{D2F21FE6-9A98-4841-8E78-E770621F2455}.Debug|x64.Build.0 = Debug|x64
		{D2F21FE6-9A98-4841-8E78-E770621F2455}.Debug|x86.ActiveCfg = Debug|Win32
		{D2F21FE6-9A98-4841-8E78-E770621F2455}.Debug|x86.Build.0 = Debug|Win32
		{D2F21FE6-9A98-4841-8E78-E770621F2455}.Release|x64.ActiveCfg = Release|x64
		{D2F21FE6-9A98-4841-8E78-E770621F2455}.Release|x64.Build.0 = Release|x64
		{D2F21FE6-9A98-4841-8E78-E770621F2455}.Release|x86.ActiveCfg = Release|Win32
		{D2F21FE6-9A98-4841-8E78-E770621F2455}.Release|x86.Build.0 = Release|Win32
	EndGlobalSection
	GlobalSection(SolutionProperties) = preSolution
		HideSolutionNode = FALSE
	EndGlobalSection
	GlobalSection(ExtensibilityGlobals) = postSolution
		SolutionGuid = {13EBD6E0-A1B1-4605-9C34-B961B6E295B1}
	EndGlobalSection
EndGlobal
